version: 1
generated_at: 2026-06-15T13:16:11Z
internal: []
trusted:
  - action: actions/checkout
    refs:
      - 50fbc622fc4ef5163becd7fab6573eac35f8462e
    occurrences:
      50fbc622fc4ef5163becd7fab6573eac35f8462e:
        .github/workflows/nodejs.yml:
          - jobs.build.steps.[0].uses
  - action: actions/setup-node
    refs:
      - f1f314fca9dfce2769ece7d933488f076716723e
    occurrences:
      f1f314fca9dfce2769ece7d933488f076716723e:
        .github/workflows/nodejs.yml:
          - jobs.build.steps.[1].uses
external: []
local: []
docker: []
dynamic: []
