version: 1
generated_at: 2026-06-11T15:40:20Z
internal: []
trusted:
  - action: actions/checkout
    refs:
      - v1
    occurrences:
      v1:
        .github/workflows/nodejs.yml:
          - jobs.build.steps.[0].uses
  - action: actions/setup-node
    refs:
      - v1
    occurrences:
      v1:
        .github/workflows/nodejs.yml:
          - jobs.build.steps.[1].uses
external: []
local: []
docker: []
dynamic: []
